
Microsoft Visual Studio Solution File, Format Version 12.00
# Visual Studio Version 17
VisualStudioVersion = 17.5.002.0
MinimumVisualStudioVersion = 10.0.40219.1
Project("{9A19103F-16F7-4668-BE54-9A1E7A4F7556}") = "LabSpace", "LabSpace.csproj", "{48B79293-67B1-4AE2-ADE7-CE8C2C58C017}"
EndProject
Global
	GlobalSection(SolutionConfigurationPlatforms) = preSolution
		Debug|Any CPU = Debug|Any CPU
		Release|Any CPU = Release|Any CPU
	EndGlobalSection
	GlobalSection(ProjectConfigurationPlatforms) = postSolution
		{48B79293-67B1-4AE2-ADE7-CE8C2C58C017}.Debug|Any CPU.ActiveCfg = Debug|Any CPU
		{48B79293-67B1-4AE2-ADE7-CE8C2C58C017}.Debug|Any CPU.Build.0 = Debug|Any CPU
		{48B79293-67B1-4AE2-ADE7-CE8C2C58C017}.Release|Any CPU.ActiveCfg = Release|Any CPU
		{48B79293-67B1-4AE2-ADE7-CE8C2C58C017}.Release|Any CPU.Build.0 = Release|Any CPU
	EndGlobalSection
	GlobalSection(SolutionProperties) = preSolution
		HideSolutionNode = FALSE
	EndGlobalSection
	GlobalSection(ExtensibilityGlobals) = postSolution
		SolutionGuid = {3DDDEE09-26D6-4B5E-B79F-3F9818BDBA81}
	EndGlobalSection
EndGlobal
